
Microsoft Visual Studio Solution File, Format Version 12.00
# Visual Studio Version 17
VisualStudioVersion = 17.4.33122.133
MinimumVisualStudioVersion = 10.0.40219.1
Project("{FAE04EC0-301F-11D3-BF4B-00C04F79EFBC}") = "EmpWage", "EmpWage\EmpWage.csproj", "{09E69240-4BD0-43E2-B827-2CCC0FC4A7B1}"
EndProject
Global
	GlobalSection(SolutionConfigurationPlatforms) = preSolution
		Debug|Any CPU = Debug|Any CPU
		Release|Any CPU = Release|Any CPU
	EndGlobalSection
	GlobalSection(ProjectConfigurationPlatforms) = postSolution
		{09E69240-4BD0-43E2-B827-2CCC0FC4A7B1}.Debug|Any CPU.ActiveCfg = Debug|Any CPU
		{09E69240-4BD0-43E2-B827-2CCC0FC4A7B1}.Debug|Any CPU.Build.0 = Debug|Any CPU
		{09E69240-4BD0-43E2-B827-2CCC0FC4A7B1}.Release|Any CPU.ActiveCfg = Release|Any CPU
		{09E69240-4BD0-43E2-B827-2CCC0FC4A7B1}.Release|Any CPU.Build.0 = Release|Any CPU
	EndGlobalSection
	GlobalSection(SolutionProperties) = preSolution
		HideSolutionNode = FALSE
	EndGlobalSection
	GlobalSection(ExtensibilityGlobals) = postSolution
		SolutionGuid = {8DFF3473-B493-43C1-912B-5402219C7E56}
	EndGlobalSection
EndGlobal
